
Microsoft Visual Studio Solution File, Format Version 12.00
# Visual Studio Version 17
VisualStudioVersion = 17.8.34330.188
MinimumVisualStudioVersion = 10.0.40219.1
Project("{FAE04EC0-301F-11D3-BF4B-00C04F79EFBC}") = "AppTesteChat.Android", "AppTesteChat.Android\AppTesteChat.Android.csproj", "{165A25BA-72FD-4A2A-A67A-8FC152A50962}"
EndProject
Project("{FAE04EC0-301F-11D3-BF4B-00C04F79EFBC}") = "AppTesteChat.iOS", "AppTesteChat.iOS\AppTesteChat.iOS.csproj", "{02CC65C8-63FC-4224-B4D3-93623DFDE293}"
EndProject
Project("{9A19103F-16F7-4668-BE54-9A1E7A4F7556}") = "AppTesteChat", "AppTesteChat\AppTesteChat.csproj", "{26C496EE-F022-4E70-AEFA-AAD2E68FF6AA}"
EndProject
Global
	GlobalSection(SolutionConfigurationPlatforms) = preSolution
		Debug|Any CPU = Debug|Any CPU
		Debug|iPhone = Debug|iPhone
		Debug|iPhoneSimulator = Debug|iPhoneSimulator
		Release|Any CPU = Release|Any CPU
		Release|iPhone = Release|iPhone
		Release|iPhoneSimulator = Release|iPhoneSimulator
	EndGlobalSection
	GlobalSection(ProjectConfigurationPlatforms) = postSolution
		{165A25BA-72FD-4A2A-A67A-8FC152A50962}.Debug|Any CPU.ActiveCfg = Debug|Any CPU
		{165A25BA-72FD-4A2A-A67A-8FC152A50962}.Debug|Any CPU.Build.0 = Debug|Any CPU
		{165A25BA-72FD-4A2A-A67A-8FC152A50962}.Debug|Any CPU.Deploy.0 = Debug|Any CPU
		{165A25BA-72FD-4A2A-A67A-8FC152A50962}.Debug|iPhone.ActiveCfg = Debug|Any CPU
		{165A25BA-72FD-4A2A-A67A-8FC152A50962}.Debug|iPhone.Build.0 = Debug|Any CPU
		{165A25BA-72FD-4A2A-A67A-8FC152A50962}.Debug|iPhone.Deploy.0 = Debug|Any CPU
		{165A25BA-72FD-4A2A-A67A-8FC152A50962}.Debug|iPhoneSimulator.ActiveCfg = Debug|Any CPU
		{165A25BA-72FD-4A2A-A67A-8FC152A50962}.Debug|iPhoneSimulator.Build.0 = Debug|Any CPU
		{165A25BA-72FD-4A2A-A67A-8FC152A50962}.Debug|iPhoneSimulator.Deploy.0 = Debug|Any CPU
		{165A25BA-72FD-4A2A-A67A-8FC152A50962}.Release|Any CPU.ActiveCfg = Release|Any CPU
		{165A25BA-72FD-4A2A-A67A-8FC152A50962}.Release|Any CPU.Build.0 = Release|Any CPU
		{165A25BA-72FD-4A2A-A67A-8FC152A50962}.Release|Any CPU.Deploy.0 = Release|Any CPU
		{165A25BA-72FD-4A2A-A67A-8FC152A50962}.Release|iPhone.ActiveCfg = Release|Any CPU
		{165A25BA-72FD-4A2A-A67A-8FC152A50962}.Release|iPhone.Build.0 = Release|Any CPU
		{165A25BA-72FD-4A2A-A67A-8FC152A50962}.Release|iPhone.Deploy.0 = Release|Any CPU
		{165A25BA-72FD-4A2A-A67A-8FC152A50962}.Release|iPhoneSimulator.ActiveCfg = Release|Any CPU
		{165A25BA-72FD-4A2A-A67A-8FC152A50962}.Release|iPhoneSimulator.Build.0 = Release|Any CPU
		{165A25BA-72FD-4A2A-A67A-8FC152A50962}.Release|iPhoneSimulator.Deploy.0 = Release|Any CPU
		{02CC65C8-63FC-4224-B4D3-93623DFDE293}.Debug|Any CPU.ActiveCfg = Debug|iPhone
		{02CC65C8-63FC-4224-B4D3-93623DFDE293}.Debug|Any CPU.Build.0 = Debug|iPhone
		{02CC65C8-63FC-4224-B4D3-93623DFDE293}.Debug|Any CPU.Deploy.0 = Debug|iPhone
		{02CC65C8-63FC-4224-B4D3-93623DFDE293}.Debug|iPhone.ActiveCfg = Debug|iPhone
		{02CC65C8-63FC-4224-B4D3-93623DFDE293}.Debug|iPhone.Build.0 = Debug|iPhone
		{02CC65C8-63FC-4224-B4D3-93623DFDE293}.Debug|iPhone.Deploy.0 = Debug|iPhone
		{02CC65C8-63FC-4224-B4D3-93623DFDE293}.Debug|iPhoneSimulator.ActiveCfg = Debug|iPhoneSimulator
		{02CC65C8-63FC-4224-B4D3-93623DFDE293}.Debug|iPhoneSimulator.Build.0 = Debug|iPhoneSimulator
		{02CC65C8-63FC-4224-B4D3-93623DFDE293}.Debug|iPhoneSimulator.Deploy.0 = Debug|iPhoneSimulator
		{02CC65C8-63FC-4224-B4D3-93623DFDE293}.Release|Any CPU.ActiveCfg = Release|iPhoneSimulator
		{02CC65C8-63FC-4224-B4D3-93623DFDE293}.Release|Any CPU.Build.0 = Release|iPhoneSimulator
		{02CC65C8-63FC-4224-B4D3-93623DFDE293}.Release|Any CPU.Deploy.0 = Release|iPhoneSimulator
		{02CC65C8-63FC-4224-B4D3-93623DFDE293}.Release|iPhone.ActiveCfg = Release|iPhone
		{02CC65C8-63FC-4224-B4D3-93623DFDE293}.Release|iPhone.Build.0 = Release|iPhone
		{02CC65C8-63FC-4224-B4D3-93623DFDE293}.Release|iPhone.Deploy.0 = Release|iPhone
		{02CC65C8-63FC-4224-B4D3-93623DFDE293}.Release|iPhoneSimulator.ActiveCfg = Release|iPhoneSimulator
		{02CC65C8-63FC-4224-B4D3-93623DFDE293}.Release|iPhoneSimulator.Build.0 = Release|iPhoneSimulator
		{02CC65C8-63FC-4224-B4D3-93623DFDE293}.Release|iPhoneSimulator.Deploy.0 = Release|iPhoneSimulator
		{26C496EE-F022-4E70-AEFA-AAD2E68FF6AA}.Debug|Any CPU.ActiveCfg = Debug|Any CPU
		{26C496EE-F022-4E70-AEFA-AAD2E68FF6AA}.Debug|Any CPU.Build.0 = Debug|Any CPU
		{26C496EE-F022-4E70-AEFA-AAD2E68FF6AA}.Debug|Any CPU.Deploy.0 = Debug|Any CPU
		{26C496EE-F022-4E70-AEFA-AAD2E68FF6AA}.Debug|iPhone.ActiveCfg = Debug|Any CPU
		{26C496EE-F022-4E70-AEFA-AAD2E68FF6AA}.Debug|iPhone.Build.0 = Debug|Any CPU
		{26C496EE-F022-4E70-AEFA-AAD2E68FF6AA}.Debug|iPhone.Deploy.0 = Debug|Any CPU
		{26C496EE-F022-4E70-AEFA-AAD2E68FF6AA}.Debug|iPhoneSimulator.ActiveCfg = Debug|Any CPU
		{26C496EE-F022-4E70-AEFA-AAD2E68FF6AA}.Debug|iPhoneSimulator.Build.0 = Debug|Any CPU
		{26C496EE-F022-4E70-AEFA-AAD2E68FF6AA}.Debug|iPhoneSimulator.Deploy.0 = Debug|Any CPU
		{26C496EE-F022-4E70-AEFA-AAD2E68FF6AA}.Release|Any CPU.ActiveCfg = Release|Any CPU
		{26C496EE-F022-4E70-AEFA-AAD2E68FF6AA}.Release|Any CPU.Build.0 = Release|Any CPU
		{26C496EE-F022-4E70-AEFA-AAD2E68FF6AA}.Release|Any CPU.Deploy.0 = Release|Any CPU
		{26C496EE-F022-4E70-AEFA-AAD2E68FF6AA}.Release|iPhone.ActiveCfg = Release|Any CPU
		{26C496EE-F022-4E70-AEFA-AAD2E68FF6AA}.Release|iPhone.Build.0 = Release|Any CPU
		{26C496EE-F022-4E70-AEFA-AAD2E68FF6AA}.Release|iPhone.Deploy.0 = Release|Any CPU
		{26C496EE-F022-4E70-AEFA-AAD2E68FF6AA}.Release|iPhoneSimulator.ActiveCfg = Release|Any CPU
		{26C496EE-F022-4E70-AEFA-AAD2E68FF6AA}.Release|iPhoneSimulator.Build.0 = Release|Any CPU
		{26C496EE-F022-4E70-AEFA-AAD2E68FF6AA}.Release|iPhoneSimulator.Deploy.0 = Release|Any CPU
	EndGlobalSection
	GlobalSection(SolutionProperties) = preSolution
		HideSolutionNode = FALSE
	EndGlobalSection
	GlobalSection(ExtensibilityGlobals) = postSolution
		SolutionGuid = {CEF8A4C3-7161-4B69-A67D-56A7C0E5341F}
	EndGlobalSection
EndGlobal
